// !$*UTF8*$!
{
	archiveVersion = 1;
	classes = {
	};
	objectVersion = 56;
	objects = {

/* Begin PBXBuildFile section */
		FC2C5E482B6D638400560BD9 /* SingleIndicatorTableViewCell.swift in Sources */ = {isa = PBXBuildFile; fileRef = FC2C5E472B6D638400560BD9 /* SingleIndicatorTableViewCell.swift */; };
		FC7494DC2B6AD2B4004E1349 /* AppDelegate.swift in Sources */ = {isa = PBXBuildFile; fileRef = FC7494DB2B6AD2B4004E1349 /* AppDelegate.swift */; };
		FC7494DE2B6AD2B4004E1349 /* SceneDelegate.swift in Sources */ = {isa = PBXBuildFile; fileRef = FC7494DD2B6AD2B4004E1349 /* SceneDelegate.swift */; };
		FC7494E02B6AD2B4004E1349 /* LoginViewController.swift in Sources */ = {isa = PBXBuildFile; fileRef = FC7494DF2B6AD2B4004E1349 /* LoginViewController.swift */; };
		FC7494E32B6AD2B4004E1349 /* Main.storyboard in Resources */ = {isa = PBXBuildFile; fileRef = FC7494E12B6AD2B4004E1349 /* Main.storyboard */; };
		FC7494E52B6AD2B5004E1349 /* Assets.xcassets in Resources */ = {isa = PBXBuildFile; fileRef = FC7494E42B6AD2B5004E1349 /* Assets.xcassets */; };
		FC7494E82B6AD2B5004E1349 /* LaunchScreen.storyboard in Resources */ = {isa = PBXBuildFile; fileRef = FC7494E62B6AD2B5004E1349 /* LaunchScreen.storyboard */; };
		FC7494F12B6C0891004E1349 /* MyIndicatorsViewController.swift in Sources */ = {isa = PBXBuildFile; fileRef = FC7494F02B6C0891004E1349 /* MyIndicatorsViewController.swift */; };
		FC7494F52B6C1EAA004E1349 /* ReportsViewController.swift in Sources */ = {isa = PBXBuildFile; fileRef = FC7494F42B6C1EAA004E1349 /* ReportsViewController.swift */; };
		FCC71F382B70233F00604545 /* Api.swift in Sources */ = {isa = PBXBuildFile; fileRef = FCC71F372B70233F00604545 /* Api.swift */; };
		FCC71F3A2B702D1A00604545 /* BusinessIndicators.swift in Sources */ = {isa = PBXBuildFile; fileRef = FCC71F392B702D1A00604545 /* BusinessIndicators.swift */; };
		FCC71F3C2B75641C00604545 /* IndicatorsViewController.swift in Sources */ = {isa = PBXBuildFile; fileRef = FCC71F3B2B75641C00604545 /* IndicatorsViewController.swift */; };
		FCC71F5E2B89383C00604545 /* MultiIndicatorTableViewCell.swift in Sources */ = {isa = PBXBuildFile; fileRef = FCC71F5D2B89383C00604545 /* MultiIndicatorTableViewCell.swift */; };
		FCC71F842B910E9100604545 /* IndicatorsUpdateble.swift in Sources */ = {isa = PBXBuildFile; fileRef = FCC71F832B910E9100604545 /* IndicatorsUpdateble.swift */; };
		FCC71F862B939B0200604545 /* UIColor+Extansion.swift in Sources */ = {isa = PBXBuildFile; fileRef = FCC71F852B939B0200604545 /* UIColor+Extansion.swift */; };
/* End PBXBuildFile section */

/* Begin PBXFileReference section */
		FC2C5E472B6D638400560BD9 /* SingleIndicatorTableViewCell.swift */ = {isa = PBXFileReference; lastKnownFileType = sourcecode.swift; path = SingleIndicatorTableViewCell.swift; sourceTree = "<group>"; };
		FC7494D82B6AD2B4004E1349 /* Business indicators.app */ = {isa = PBXFileReference; explicitFileType = wrapper.application; includeInIndex = 0; path = "Business indicators.app"; sourceTree = BUILT_PRODUCTS_DIR; };
		FC7494DB2B6AD2B4004E1349 /* AppDelegate.swift */ = {isa = PBXFileReference; lastKnownFileType = sourcecode.swift; path = AppDelegate.swift; sourceTree = "<group>"; };
		FC7494DD2B6AD2B4004E1349 /* SceneDelegate.swift */ = {isa = PBXFileReference; lastKnownFileType = sourcecode.swift; path = SceneDelegate.swift; sourceTree = "<group>"; };
		FC7494DF2B6AD2B4004E1349 /* LoginViewController.swift */ = {isa = PBXFileReference; lastKnownFileType = sourcecode.swift; path = LoginViewController.swift; sourceTree = "<group>"; };
		FC7494E22B6AD2B4004E1349 /* Base */ = {isa = PBXFileReference; lastKnownFileType = file.storyboard; name = Base; path = Base.lproj/Main.storyboard; sourceTree = "<group>"; };
		FC7494E42B6AD2B5004E1349 /* Assets.xcassets */ = {isa = PBXFileReference; lastKnownFileType = folder.assetcatalog; path = Assets.xcassets; sourceTree = "<group>"; };
		FC7494E72B6AD2B5004E1349 /* Base */ = {isa = PBXFileReference; lastKnownFileType = file.storyboard; name = Base; path = Base.lproj/LaunchScreen.storyboard; sourceTree = "<group>"; };
		FC7494E92B6AD2B5004E1349 /* Info.plist */ = {isa = PBXFileReference; lastKnownFileType = text.plist.xml; path = Info.plist; sourceTree = "<group>"; };
		FC7494F02B6C0891004E1349 /* MyIndicatorsViewController.swift */ = {isa = PBXFileReference; lastKnownFileType = sourcecode.swift; path = MyIndicatorsViewController.swift; sourceTree = "<group>"; };
		FC7494F42B6C1EAA004E1349 /* ReportsViewController.swift */ = {isa = PBXFileReference; lastKnownFileType = sourcecode.swift; path = ReportsViewController.swift; sourceTree = "<group>"; };
		FCC71F372B70233F00604545 /* Api.swift */ = {isa = PBXFileReference; lastKnownFileType = sourcecode.swift; path = Api.swift; sourceTree = "<group>"; };
		FCC71F392B702D1A00604545 /* BusinessIndicators.swift */ = {isa = PBXFileReference; lastKnownFileType = sourcecode.swift; path = BusinessIndicators.swift; sourceTree = "<group>"; };
		FCC71F3B2B75641C00604545 /* IndicatorsViewController.swift */ = {isa = PBXFileReference; lastKnownFileType = sourcecode.swift; path = IndicatorsViewController.swift; sourceTree = "<group>"; };
		FCC71F5D2B89383C00604545 /* MultiIndicatorTableViewCell.swift */ = {isa = PBXFileReference; lastKnownFileType = sourcecode.swift; path = MultiIndicatorTableViewCell.swift; sourceTree = "<group>"; };
		FCC71F832B910E9100604545 /* IndicatorsUpdateble.swift */ = {isa = PBXFileReference; lastKnownFileType = sourcecode.swift; path = IndicatorsUpdateble.swift; sourceTree = "<group>"; };
		FCC71F852B939B0200604545 /* UIColor+Extansion.swift */ = {isa = PBXFileReference; lastKnownFileType = sourcecode.swift; path = "UIColor+Extansion.swift"; sourceTree = "<group>"; };
/* End PBXFileReference section */

/* Begin PBXFrameworksBuildPhase section */
		FC7494D52B6AD2B4004E1349 /* Frameworks */ = {
			isa = PBXFrameworksBuildPhase;
			buildActionMask = 2147483647;
			files = (
			);
			runOnlyForDeploymentPostprocessing = 0;
		};
/* End PBXFrameworksBuildPhase section */

/* Begin PBXGroup section */
		FC2C5E462B6D62F700560BD9 /* View */ = {
			isa = PBXGroup;
			children = (
				FC2C5E472B6D638400560BD9 /* SingleIndicatorTableViewCell.swift */,
				FCC71F5D2B89383C00604545 /* MultiIndicatorTableViewCell.swift */,
			);
			path = View;
			sourceTree = "<group>";
		};
		FC2C5E492B6D7FED00560BD9 /* Model */ = {
			isa = PBXGroup;
			children = (
				FCC71F372B70233F00604545 /* Api.swift */,
				FCC71F392B702D1A00604545 /* BusinessIndicators.swift */,
			);
			path = Model;
			sourceTree = "<group>";
		};
		FC7494CF2B6AD2B4004E1349 = {
			isa = PBXGroup;
			children = (
				FC7494DA2B6AD2B4004E1349 /* Business indicators */,
				FC7494D92B6AD2B4004E1349 /* Products */,
			);
			sourceTree = "<group>";
		};
		FC7494D92B6AD2B4004E1349 /* Products */ = {
			isa = PBXGroup;
			children = (
				FC7494D82B6AD2B4004E1349 /* Business indicators.app */,
			);
			name = Products;
			sourceTree = "<group>";
		};
		FC7494DA2B6AD2B4004E1349 /* Business indicators */ = {
			isa = PBXGroup;
			children = (
				FC7494DB2B6AD2B4004E1349 /* AppDelegate.swift */,
				FC7494EF2B6AF490004E1349 /* Controller */,
				FCB80E892BA4626900015447 /* Extensions */,
				FC2C5E492B6D7FED00560BD9 /* Model */,
				FC2C5E462B6D62F700560BD9 /* View */,
				FC7494E12B6AD2B4004E1349 /* Main.storyboard */,
				FC7494DD2B6AD2B4004E1349 /* SceneDelegate.swift */,
				FC7494E42B6AD2B5004E1349 /* Assets.xcassets */,
				FC7494E62B6AD2B5004E1349 /* LaunchScreen.storyboard */,
				FC7494E92B6AD2B5004E1349 /* Info.plist */,
			);
			path = "Business indicators";
			sourceTree = "<group>";
		};
		FC7494EF2B6AF490004E1349 /* Controller */ = {
			isa = PBXGroup;
			children = (
				FCC71F832B910E9100604545 /* IndicatorsUpdateble.swift */,
				FCC71F3B2B75641C00604545 /* IndicatorsViewController.swift */,
				FC7494DF2B6AD2B4004E1349 /* LoginViewController.swift */,
				FC7494F02B6C0891004E1349 /* MyIndicatorsViewController.swift */,
				FC7494F42B6C1EAA004E1349 /* ReportsViewController.swift */,
			);
			path = Controller;
			sourceTree = "<group>";
		};
		FCB80E892BA4626900015447 /* Extensions */ = {
			isa = PBXGroup;
			children = (
				FCC71F852B939B0200604545 /* UIColor+Extansion.swift */,
			);
			path = Extensions;
			sourceTree = "<group>";
		};
/* End PBXGroup section */

/* Begin PBXNativeTarget section */
		FC7494D72B6AD2B4004E1349 /* Business indicators */ = {
			isa = PBXNativeTarget;
			buildConfigurationList = FC7494EC2B6AD2B5004E1349 /* Build configuration list for PBXNativeTarget "Business indicators" */;
			buildPhases = (
				FC7494D42B6AD2B4004E1349 /* Sources */,
				FC7494D52B6AD2B4004E1349 /* Frameworks */,
				FC7494D62B6AD2B4004E1349 /* Resources */,
			);
			buildRules = (
			);
			dependencies = (
			);
			name = "Business indicators";
			productName = "Business indicators";
			productReference = FC7494D82B6AD2B4004E1349 /* Business indicators.app */;
			productType = "com.apple.product-type.application";
		};
/* End PBXNativeTarget section */

/* Begin PBXProject section */
		FC7494D02B6AD2B4004E1349 /* Project object */ = {
			isa = PBXProject;
			attributes = {
				BuildIndependentTargetsInParallel = 1;
				LastSwiftUpdateCheck = 1500;
				LastUpgradeCheck = 1500;
				TargetAttributes = {
					FC7494D72B6AD2B4004E1349 = {
						CreatedOnToolsVersion = 15.0.1;
					};
				};
			};
			buildConfigurationList = FC7494D32B6AD2B4004E1349 /* Build configuration list for PBXProject "Business indicators" */;
			compatibilityVersion = "Xcode 14.0";
			developmentRegion = en;
			hasScannedForEncodings = 0;
			knownRegions = (
				en,
				Base,
			);
			mainGroup = FC7494CF2B6AD2B4004E1349;
			productRefGroup = FC7494D92B6AD2B4004E1349 /* Products */;
			projectDirPath = "";
			projectRoot = "";
			targets = (
				FC7494D72B6AD2B4004E1349 /* Business indicators */,
			);
		};
/* End PBXProject section */

/* Begin PBXResourcesBuildPhase section */
		FC7494D62B6AD2B4004E1349 /* Resources */ = {
			isa = PBXResourcesBuildPhase;
			buildActionMask = 2147483647;
			files = (
				FC7494E82B6AD2B5004E1349 /* LaunchScreen.storyboard in Resources */,
				FC7494E52B6AD2B5004E1349 /* Assets.xcassets in Resources */,
				FC7494E32B6AD2B4004E1349 /* Main.storyboard in Resources */,
			);
			runOnlyForDeploymentPostprocessing = 0;
		};
/* End PBXResourcesBuildPhase section */

/* Begin PBXSourcesBuildPhase section */
		FC7494D42B6AD2B4004E1349 /* Sources */ = {
			isa = PBXSourcesBuildPhase;
			buildActionMask = 2147483647;
			files = (
				FCC71F5E2B89383C00604545 /* MultiIndicatorTableViewCell.swift in Sources */,
				FC7494F12B6C0891004E1349 /* MyIndicatorsViewController.swift in Sources */,
				FC7494E02B6AD2B4004E1349 /* LoginViewController.swift in Sources */,
				FC7494DC2B6AD2B4004E1349 /* AppDelegate.swift in Sources */,
				FCC71F3C2B75641C00604545 /* IndicatorsViewController.swift in Sources */,
				FCC71F3A2B702D1A00604545 /* BusinessIndicators.swift in Sources */,
				FC2C5E482B6D638400560BD9 /* SingleIndicatorTableViewCell.swift in Sources */,
				FCC71F862B939B0200604545 /* UIColor+Extansion.swift in Sources */,
				FC7494F52B6C1EAA004E1349 /* ReportsViewController.swift in Sources */,
				FCC71F382B70233F00604545 /* Api.swift in Sources */,
				FCC71F842B910E9100604545 /* IndicatorsUpdateble.swift in Sources */,
				FC7494DE2B6AD2B4004E1349 /* SceneDelegate.swift in Sources */,
			);
			runOnlyForDeploymentPostprocessing = 0;
		};
/* End PBXSourcesBuildPhase section */

/* Begin PBXVariantGroup section */
		FC7494E12B6AD2B4004E1349 /* Main.storyboard */ = {
			isa = PBXVariantGroup;
			children = (
				FC7494E22B6AD2B4004E1349 /* Base */,
			);
			name = Main.storyboard;
			sourceTree = "<group>";
		};
		FC7494E62B6AD2B5004E1349 /* LaunchScreen.storyboard */ = {
			isa = PBXVariantGroup;
			children = (
				FC7494E72B6AD2B5004E1349 /* Base */,
			);
			name = LaunchScreen.storyboard;
			sourceTree = "<group>";
		};
/* End PBXVariantGroup section */

/* Begin XCBuildConfiguration section */
		FC7494EA2B6AD2B5004E1349 /* Debug */ = {
			isa = XCBuildConfiguration;
			buildSettings = {
				ALWAYS_SEARCH_USER_PATHS = NO;
				ASSETCATALOG_COMPILER_GENERATE_SWIFT_ASSET_SYMBOL_EXTENSIONS = YES;
				CLANG_ANALYZER_NONNULL = YES;
				CLANG_ANALYZER_NUMBER_OBJECT_CONVERSION = YES_AGGRESSIVE;
				CLANG_CXX_LANGUAGE_STANDARD = "gnu++20";
				CLANG_ENABLE_MODULES = YES;
				CLANG_ENABLE_OBJC_ARC = YES;
				CLANG_ENABLE_OBJC_WEAK = YES;
				CLANG_WARN_BLOCK_CAPTURE_AUTORELEASING = YES;
				CLANG_WARN_BOOL_CONVERSION = YES;
				CLANG_WARN_COMMA = YES;
				CLANG_WARN_CONSTANT_CONVERSION = YES;
				CLANG_WARN_DEPRECATED_OBJC_IMPLEMENTATIONS = YES;
				CLANG_WARN_DIRECT_OBJC_ISA_USAGE = YES_ERROR;
				CLANG_WARN_DOCUMENTATION_COMMENTS = YES;
				CLANG_WARN_EMPTY_BODY = YES;
				CLANG_WARN_ENUM_CONVERSION = YES;
				CLANG_WARN_INFINITE_RECURSION = YES;
				CLANG_WARN_INT_CONVERSION = YES;
				CLANG_WARN_NON_LITERAL_NULL_CONVERSION = YES;
				CLANG_WARN_OBJC_IMPLICIT_RETAIN_SELF = YES;
				CLANG_WARN_OBJC_LITERAL_CONVERSION = YES;
				CLANG_WARN_OBJC_ROOT_CLASS = YES_ERROR;
				CLANG_WARN_QUOTED_INCLUDE_IN_FRAMEWORK_HEADER = YES;
				CLANG_WARN_RANGE_LOOP_ANALYSIS = YES;
				CLANG_WARN_STRICT_PROTOTYPES = YES;
				CLANG_WARN_SUSPICIOUS_MOVE = YES;
				CLANG_WARN_UNGUARDED_AVAILABILITY = YES_AGGRESSIVE;
				CLANG_WARN_UNREACHABLE_CODE = YES;
				CLANG_WARN__DUPLICATE_METHOD_MATCH = YES;
				COPY_PHASE_STRIP = NO;
				DEBUG_INFORMATION_FORMAT = dwarf;
				ENABLE_STRICT_OBJC_MSGSEND = YES;
				ENABLE_TESTABILITY = YES;
				ENABLE_USER_SCRIPT_SANDBOXING = YES;
				GCC_C_LANGUAGE_STANDARD = gnu17;
				GCC_DYNAMIC_NO_PIC = NO;
				GCC_NO_COMMON_BLOCKS = YES;
				GCC_OPTIMIZATION_LEVEL = 0;
				GCC_PREPROCESSOR_DEFINITIONS = (
					"DEBUG=1",
					"$(inherited)",
				);
				GCC_WARN_64_TO_32_BIT_CONVERSION = YES;
				GCC_WARN_ABOUT_RETURN_TYPE = YES_ERROR;
				GCC_WARN_UNDECLARED_SELECTOR = YES;
				GCC_WARN_UNINITIALIZED_AUTOS = YES_AGGRESSIVE;
				GCC_WARN_UNUSED_FUNCTION = YES;
				GCC_WARN_UNUSED_VARIABLE = YES;
				IPHONEOS_DEPLOYMENT_TARGET = 17.0;
				LOCALIZATION_PREFERS_STRING_CATALOGS = YES;
				MTL_ENABLE_DEBUG_INFO = INCLUDE_SOURCE;
				MTL_FAST_MATH = YES;
				ONLY_ACTIVE_ARCH = YES;
				SDKROOT = iphoneos;
				SWIFT_ACTIVE_COMPILATION_CONDITIONS = "DEBUG $(inherited)";
				SWIFT_OPTIMIZATION_LEVEL = "-Onone";
			};
			name = Debug;
		};
		FC7494EB2B6AD2B5004E1349 /* Release */ = {
			isa = XCBuildConfiguration;
			buildSettings = {
				ALWAYS_SEARCH_USER_PATHS = NO;
				ASSETCATALOG_COMPILER_GENERATE_SWIFT_ASSET_SYMBOL_EXTENSIONS = YES;
				CLANG_ANALYZER_NONNULL = YES;
				CLANG_ANALYZER_NUMBER_OBJECT_CONVERSION = YES_AGGRESSIVE;
				CLANG_CXX_LANGUAGE_STANDARD = "gnu++20";
				CLANG_ENABLE_MODULES = YES;
				CLANG_ENABLE_OBJC_ARC = YES;
				CLANG_ENABLE_OBJC_WEAK = YES;
				CLANG_WARN_BLOCK_CAPTURE_AUTORELEASING = YES;
				CLANG_WARN_BOOL_CONVERSION = YES;
				CLANG_WARN_COMMA = YES;
				CLANG_WARN_CONSTANT_CONVERSION = YES;
				CLANG_WARN_DEPRECATED_OBJC_IMPLEMENTATIONS = YES;
				CLANG_WARN_DIRECT_OBJC_ISA_USAGE = YES_ERROR;
				CLANG_WARN_DOCUMENTATION_COMMENTS = YES;
				CLANG_WARN_EMPTY_BODY = YES;
				CLANG_WARN_ENUM_CONVERSION = YES;
				CLANG_WARN_INFINITE_RECURSION = YES;
				CLANG_WARN_INT_CONVERSION = YES;
				CLANG_WARN_NON_LITERAL_NULL_CONVERSION = YES;
				CLANG_WARN_OBJC_IMPLICIT_RETAIN_SELF = YES;
				CLANG_WARN_OBJC_LITERAL_CONVERSION = YES;
				CLANG_WARN_OBJC_ROOT_CLASS = YES_ERROR;
				CLANG_WARN_QUOTED_INCLUDE_IN_FRAMEWORK_HEADER = YES;
				CLANG_WARN_RANGE_LOOP_ANALYSIS = YES;
				CLANG_WARN_STRICT_PROTOTYPES = YES;
				CLANG_WARN_SUSPICIOUS_MOVE = YES;
				CLANG_WARN_UNGUARDED_AVAILABILITY = YES_AGGRESSIVE;
				CLANG_WARN_UNREACHABLE_CODE = YES;
				CLANG_WARN__DUPLICATE_METHOD_MATCH = YES;
				COPY_PHASE_STRIP = NO;
				DEBUG_INFORMATION_FORMAT = "dwarf-with-dsym";
				ENABLE_NS_ASSERTIONS = NO;
				ENABLE_STRICT_OBJC_MSGSEND = YES;
				ENABLE_USER_SCRIPT_SANDBOXING = YES;
				GCC_C_LANGUAGE_STANDARD = gnu17;
				GCC_NO_COMMON_BLOCKS = YES;
				GCC_WARN_64_TO_32_BIT_CONVERSION = YES;
				GCC_WARN_ABOUT_RETURN_TYPE = YES_ERROR;
				GCC_WARN_UNDECLARED_SELECTOR = YES;
				GCC_WARN_UNINITIALIZED_AUTOS = YES_AGGRESSIVE;
				GCC_WARN_UNUSED_FUNCTION = YES;
				GCC_WARN_UNUSED_VARIABLE = YES;
				IPHONEOS_DEPLOYMENT_TARGET = 17.0;
				LOCALIZATION_PREFERS_STRING_CATALOGS = YES;
				MTL_ENABLE_DEBUG_INFO = NO;
				MTL_FAST_MATH = YES;
				SDKROOT = iphoneos;
				SWIFT_COMPILATION_MODE = wholemodule;
				VALIDATE_PRODUCT = YES;
			};
			name = Release;
		};
		FC7494ED2B6AD2B5004E1349 /* Debug */ = {
			isa = XCBuildConfiguration;
			buildSettings = {
				ASSETCATALOG_COMPILER_APPICON_NAME = AppIcon;
				ASSETCATALOG_COMPILER_GLOBAL_ACCENT_COLOR_NAME = AccentColor;
				CODE_SIGN_STYLE = Automatic;
				CURRENT_PROJECT_VERSION = 1;
				DEVELOPMENT_TEAM = MJQCB25CXP;
				GENERATE_INFOPLIST_FILE = YES;
				INFOPLIST_FILE = "Business indicators/Info.plist";
				INFOPLIST_KEY_UIApplicationSupportsIndirectInputEvents = YES;
				INFOPLIST_KEY_UILaunchStoryboardName = LaunchScreen;
				INFOPLIST_KEY_UIMainStoryboardFile = Main;
				INFOPLIST_KEY_UISupportedInterfaceOrientations_iPad = "UIInterfaceOrientationPortrait UIInterfaceOrientationPortraitUpsideDown UIInterfaceOrientationLandscapeLeft UIInterfaceOrientationLandscapeRight";
				INFOPLIST_KEY_UISupportedInterfaceOrientations_iPhone = "UIInterfaceOrientationPortrait UIInterfaceOrientationLandscapeLeft UIInterfaceOrientationLandscapeRight";
				LD_RUNPATH_SEARCH_PATHS = (
					"$(inherited)",
					"@executable_path/Frameworks",
				);
				MARKETING_VERSION = 1.0;
				PRODUCT_BUNDLE_IDENTIFIER = "com.VRomamanM.Business-indicators";
				PRODUCT_NAME = "$(TARGET_NAME)";
				SWIFT_EMIT_LOC_STRINGS = YES;
				SWIFT_VERSION = 5.0;
				TARGETED_DEVICE_FAMILY = "1,2";
			};
			name = Debug;
		};
		FC7494EE2B6AD2B5004E1349 /* Release */ = {
			isa = XCBuildConfiguration;
			buildSettings = {
				ASSETCATALOG_COMPILER_APPICON_NAME = AppIcon;
				ASSETCATALOG_COMPILER_GLOBAL_ACCENT_COLOR_NAME = AccentColor;
				CODE_SIGN_STYLE = Automatic;
				CURRENT_PROJECT_VERSION = 1;
				DEVELOPMENT_TEAM = MJQCB25CXP;
				GENERATE_INFOPLIST_FILE = YES;
				INFOPLIST_FILE = "Business indicators/Info.plist";
				INFOPLIST_KEY_UIApplicationSupportsIndirectInputEvents = YES;
				INFOPLIST_KEY_UILaunchStoryboardName = LaunchScreen;
				INFOPLIST_KEY_UIMainStoryboardFile = Main;
				INFOPLIST_KEY_UISupportedInterfaceOrientations_iPad = "UIInterfaceOrientationPortrait UIInterfaceOrientationPortraitUpsideDown UIInterfaceOrientationLandscapeLeft UIInterfaceOrientationLandscapeRight";
				INFOPLIST_KEY_UISupportedInterfaceOrientations_iPhone = "UIInterfaceOrientationPortrait UIInterfaceOrientationLandscapeLeft UIInterfaceOrientationLandscapeRight";
				LD_RUNPATH_SEARCH_PATHS = (
					"$(inherited)",
					"@executable_path/Frameworks",
				);
				MARKETING_VERSION = 1.0;
				PRODUCT_BUNDLE_IDENTIFIER = "com.VRomamanM.Business-indicators";
				PRODUCT_NAME = "$(TARGET_NAME)";
				SWIFT_EMIT_LOC_STRINGS = YES;
				SWIFT_VERSION = 5.0;
				TARGETED_DEVICE_FAMILY = "1,2";
			};
			name = Release;
		};
/* End XCBuildConfiguration section */

/* Begin XCConfigurationList section */
		FC7494D32B6AD2B4004E1349 /* Build configuration list for PBXProject "Business indicators" */ = {
			isa = XCConfigurationList;
			buildConfigurations = (
				FC7494EA2B6AD2B5004E1349 /* Debug */,
				FC7494EB2B6AD2B5004E1349 /* Release */,
			);
			defaultConfigurationIsVisible = 0;
			defaultConfigurationName = Release;
		};
		FC7494EC2B6AD2B5004E1349 /* Build configuration list for PBXNativeTarget "Business indicators" */ = {
			isa = XCConfigurationList;
			buildConfigurations = (
				FC7494ED2B6AD2B5004E1349 /* Debug */,
				FC7494EE2B6AD2B5004E1349 /* Release */,
			);
			defaultConfigurationIsVisible = 0;
			defaultConfigurationName = Release;
		};
/* End XCConfigurationList section */
	};
	rootObject = FC7494D02B6AD2B4004E1349 /* Project object */;
}
